# Written by `keal fetch`. It records the commit each dependency
# resolved to, so that a tag moved upstream cannot silently change what
# this project builds against. Commit it.

[[dependency]]
name = "keal"
git = "https://github.com/geneacta/keal"
tag = "v1.3.0"
commit = "02bb9d5839fe69e9bfd673abc23b30116f86f710"
asked_by = "kealsql"
